
Microsoft Visual Studio Solution File, Format Version 12.00
# Visual Studio Version 17
VisualStudioVersion = 17.10.34928.147
MinimumVisualStudioVersion = 10.0.40219.1
Project("{9A19103F-16F7-4668-BE54-9A1E7A4F7556}") = "OrderProcessing", "OrderProcessing.csproj", "{B5CE59EB-C345-415D-B887-D29CD4EEB73F}"
EndProject
Project("{9A19103F-16F7-4668-BE54-9A1E7A4F7556}") = "OrderProcessingDAL", "..\OrderProcessingDAL\OrderProcessingDAL.csproj", "{C1E7CB71-4473-449B-9089-0E9D1B83A46A}"
EndProject
Project("{9A19103F-16F7-4668-BE54-9A1E7A4F7556}") = "OrderProcessingBLL", "..\OrderProcessingBLL\OrderProcessingBLL.csproj", "{2F373540-B52C-41F6-99CE-683840EF32B0}"
EndProject
Project("{9A19103F-16F7-4668-BE54-9A1E7A4F7556}") = "DTOs", "..\DTOs\DTOs.csproj", "{D21C5B92-8B57-4D94-BAB1-C6E7570C6512}"
EndProject
Project("{FAE04EC0-301F-11D3-BF4B-00C04F79EFBC}") = "OrderProcessingTests", "..\OrderProcessingTests\OrderProcessingTests.csproj", "{347B18DE-3494-4071-9CF4-E69F68F43F49}"
EndProject
Global
	GlobalSection(SolutionConfigurationPlatforms) = preSolution
		Debug|Any CPU = Debug|Any CPU
		Release|Any CPU = Release|Any CPU
	EndGlobalSection
	GlobalSection(ProjectConfigurationPlatforms) = postSolution
		{B5CE59EB-C345-415D-B887-D29CD4EEB73F}.Debug|Any CPU.ActiveCfg = Debug|Any CPU
		{B5CE59EB-C345-415D-B887-D29CD4EEB73F}.Debug|Any CPU.Build.0 = Debug|Any CPU
		{B5CE59EB-C345-415D-B887-D29CD4EEB73F}.Release|Any CPU.ActiveCfg = Release|Any CPU
		{B5CE59EB-C345-415D-B887-D29CD4EEB73F}.Release|Any CPU.Build.0 = Release|Any CPU
		{C1E7CB71-4473-449B-9089-0E9D1B83A46A}.Debug|Any CPU.ActiveCfg = Debug|Any CPU
		{C1E7CB71-4473-449B-9089-0E9D1B83A46A}.Debug|Any CPU.Build.0 = Debug|Any CPU
		{C1E7CB71-4473-449B-9089-0E9D1B83A46A}.Release|Any CPU.ActiveCfg = Release|Any CPU
		{C1E7CB71-4473-449B-9089-0E9D1B83A46A}.Release|Any CPU.Build.0 = Release|Any CPU
		{2F373540-B52C-41F6-99CE-683840EF32B0}.Debug|Any CPU.ActiveCfg = Debug|Any CPU
		{2F373540-B52C-41F6-99CE-683840EF32B0}.Debug|Any CPU.Build.0 = Debug|Any CPU
		{2F373540-B52C-41F6-99CE-683840EF32B0}.Release|Any CPU.ActiveCfg = Release|Any CPU
		{2F373540-B52C-41F6-99CE-683840EF32B0}.Release|Any CPU.Build.0 = Release|Any CPU
		{D21C5B92-8B57-4D94-BAB1-C6E7570C6512}.Debug|Any CPU.ActiveCfg = Debug|Any CPU
		{D21C5B92-8B57-4D94-BAB1-C6E7570C6512}.Debug|Any CPU.Build.0 = Debug|Any CPU
		{D21C5B92-8B57-4D94-BAB1-C6E7570C6512}.Release|Any CPU.ActiveCfg = Release|Any CPU
		{D21C5B92-8B57-4D94-BAB1-C6E7570C6512}.Release|Any CPU.Build.0 = Release|Any CPU
		{347B18DE-3494-4071-9CF4-E69F68F43F49}.Debug|Any CPU.ActiveCfg = Debug|Any CPU
		{347B18DE-3494-4071-9CF4-E69F68F43F49}.Debug|Any CPU.Build.0 = Debug|Any CPU
		{347B18DE-3494-4071-9CF4-E69F68F43F49}.Release|Any CPU.ActiveCfg = Release|Any CPU
		{347B18DE-3494-4071-9CF4-E69F68F43F49}.Release|Any CPU.Build.0 = Release|Any CPU
	EndGlobalSection
	GlobalSection(SolutionProperties) = preSolution
		HideSolutionNode = FALSE
	EndGlobalSection
	GlobalSection(ExtensibilityGlobals) = postSolution
		SolutionGuid = {F4F12899-4D5B-4CFE-BBE2-CE3FB7869BED}
	EndGlobalSection
EndGlobal
